
Microsoft Visual Studio Solution File, Format Version 12.00
# Visual Studio Version 17
VisualStudioVersion = 17.11.35327.3
MinimumVisualStudioVersion = 10.0.40219.1
Project("{FAE04EC0-301F-11D3-BF4B-00C04F79EFBC}") = "LuxRecruitment.Core", "LuxRecruitment.Core\LuxRecruitment.Core.csproj", "{A40527AC-1212-42E9-A276-62B04EE50830}"
EndProject
Project("{FAE04EC0-301F-11D3-BF4B-00C04F79EFBC}") = "LuxRecruitment.Application", "LuxRecruitment.Application\LuxRecruitment.Application.csproj", "{36E0FEC2-75A1-4891-AC01-F0FE19D33F7C}"
EndProject
Project("{FAE04EC0-301F-11D3-BF4B-00C04F79EFBC}") = "LuxRecruitment.Infrastructure", "LuxRecruitment.Infrastructure\LuxRecruitment.Infrastructure.csproj", "{0A343C4A-2975-4B7D-AB52-8B4BE7FBC5EC}"
EndProject
Project("{F2A71F9B-5D33-465A-A702-920D77279786}") = "LuxRecruitment.Web", "LuxRecruitment.Web\LuxRecruitment.Web.fsproj", "{C7E85AEF-CB70-4809-AE2D-83242B0025AF}"
EndProject
Project("{FAE04EC0-301F-11D3-BF4B-00C04F79EFBC}") = "LuxRecruitment.WebAPI", "LuxRecruitment.WebAPI\LuxRecruitment.WebAPI.csproj", "{D72BBC7B-0FD8-40C4-AD2B-AFA7BA2049E3}"
EndProject
Project("{FAE04EC0-301F-11D3-BF4B-00C04F79EFBC}") = "LuxRecruitment.Tests", "LuxRecruitment.Tests\LuxRecruitment.Tests.csproj", "{214D7EBD-6B82-4270-961D-B5E210724B7C}"
EndProject
Global
	GlobalSection(SolutionConfigurationPlatforms) = preSolution
		Debug|Any CPU = Debug|Any CPU
		Release|Any CPU = Release|Any CPU
	EndGlobalSection
	GlobalSection(ProjectConfigurationPlatforms) = postSolution
		{A40527AC-1212-42E9-A276-62B04EE50830}.Debug|Any CPU.ActiveCfg = Debug|Any CPU
		{A40527AC-1212-42E9-A276-62B04EE50830}.Debug|Any CPU.Build.0 = Debug|Any CPU
		{A40527AC-1212-42E9-A276-62B04EE50830}.Release|Any CPU.ActiveCfg = Release|Any CPU
		{A40527AC-1212-42E9-A276-62B04EE50830}.Release|Any CPU.Build.0 = Release|Any CPU
		{36E0FEC2-75A1-4891-AC01-F0FE19D33F7C}.Debug|Any CPU.ActiveCfg = Debug|Any CPU
		{36E0FEC2-75A1-4891-AC01-F0FE19D33F7C}.Debug|Any CPU.Build.0 = Debug|Any CPU
		{36E0FEC2-75A1-4891-AC01-F0FE19D33F7C}.Release|Any CPU.ActiveCfg = Release|Any CPU
		{36E0FEC2-75A1-4891-AC01-F0FE19D33F7C}.Release|Any CPU.Build.0 = Release|Any CPU
		{0A343C4A-2975-4B7D-AB52-8B4BE7FBC5EC}.Debug|Any CPU.ActiveCfg = Debug|Any CPU
		{0A343C4A-2975-4B7D-AB52-8B4BE7FBC5EC}.Debug|Any CPU.Build.0 = Debug|Any CPU
		{0A343C4A-2975-4B7D-AB52-8B4BE7FBC5EC}.Release|Any CPU.ActiveCfg = Release|Any CPU
		{0A343C4A-2975-4B7D-AB52-8B4BE7FBC5EC}.Release|Any CPU.Build.0 = Release|Any CPU
		{C7E85AEF-CB70-4809-AE2D-83242B0025AF}.Debug|Any CPU.ActiveCfg = Debug|Any CPU
		{C7E85AEF-CB70-4809-AE2D-83242B0025AF}.Debug|Any CPU.Build.0 = Debug|Any CPU
		{C7E85AEF-CB70-4809-AE2D-83242B0025AF}.Release|Any CPU.ActiveCfg = Release|Any CPU
		{C7E85AEF-CB70-4809-AE2D-83242B0025AF}.Release|Any CPU.Build.0 = Release|Any CPU
		{D72BBC7B-0FD8-40C4-AD2B-AFA7BA2049E3}.Debug|Any CPU.ActiveCfg = Debug|Any CPU
		{D72BBC7B-0FD8-40C4-AD2B-AFA7BA2049E3}.Debug|Any CPU.Build.0 = Debug|Any CPU
		{D72BBC7B-0FD8-40C4-AD2B-AFA7BA2049E3}.Release|Any CPU.ActiveCfg = Release|Any CPU
		{D72BBC7B-0FD8-40C4-AD2B-AFA7BA2049E3}.Release|Any CPU.Build.0 = Release|Any CPU
		{214D7EBD-6B82-4270-961D-B5E210724B7C}.Debug|Any CPU.ActiveCfg = Debug|Any CPU
		{214D7EBD-6B82-4270-961D-B5E210724B7C}.Debug|Any CPU.Build.0 = Debug|Any CPU
		{214D7EBD-6B82-4270-961D-B5E210724B7C}.Release|Any CPU.ActiveCfg = Release|Any CPU
		{214D7EBD-6B82-4270-961D-B5E210724B7C}.Release|Any CPU.Build.0 = Release|Any CPU
	EndGlobalSection
	GlobalSection(SolutionProperties) = preSolution
		HideSolutionNode = FALSE
	EndGlobalSection
	GlobalSection(ExtensibilityGlobals) = postSolution
		SolutionGuid = {8208A112-E3C9-40D1-AF0D-E693650992A2}
	EndGlobalSection
EndGlobal
